
Microsoft Visual Studio Solution File, Format Version 12.00
# Visual Studio Version 16
VisualStudioVersion = 16.0.30320.27
MinimumVisualStudioVersion = 10.0.40219.1
Project("{FAE04EC0-301F-11D3-BF4B-00C04F79EFBC}") = "ConsoleApp1", "ConsoleApp1\ConsoleApp1.csproj", "{6A81F0BD-F70B-42DE-A1AC-9F8FB967D48A}"
EndProject
Project("{FAE04EC0-301F-11D3-BF4B-00C04F79EFBC}") = "ConsoleApp2", "ConsoleApp2\ConsoleApp2.csproj", "{7D9282F2-6F76-498F-9DA8-8455FCC713CE}"
EndProject
Global
	GlobalSection(SolutionConfigurationPlatforms) = preSolution
		Debug|Any CPU = Debug|Any CPU
		Release|Any CPU = Release|Any CPU
	EndGlobalSection
	GlobalSection(ProjectConfigurationPlatforms) = postSolution
		{6A81F0BD-F70B-42DE-A1AC-9F8FB967D48A}.Debug|Any CPU.ActiveCfg = Debug|Any CPU
		{6A81F0BD-F70B-42DE-A1AC-9F8FB967D48A}.Debug|Any CPU.Build.0 = Debug|Any CPU
		{6A81F0BD-F70B-42DE-A1AC-9F8FB967D48A}.Release|Any CPU.ActiveCfg = Release|Any CPU
		{6A81F0BD-F70B-42DE-A1AC-9F8FB967D48A}.Release|Any CPU.Build.0 = Release|Any CPU
		{7D9282F2-6F76-498F-9DA8-8455FCC713CE}.Debug|Any CPU.ActiveCfg = Debug|Any CPU
		{7D9282F2-6F76-498F-9DA8-8455FCC713CE}.Debug|Any CPU.Build.0 = Debug|Any CPU
		{7D9282F2-6F76-498F-9DA8-8455FCC713CE}.Release|Any CPU.ActiveCfg = Release|Any CPU
		{7D9282F2-6F76-498F-9DA8-8455FCC713CE}.Release|Any CPU.Build.0 = Release|Any CPU
	EndGlobalSection
	GlobalSection(SolutionProperties) = preSolution
		HideSolutionNode = FALSE
	EndGlobalSection
	GlobalSection(ExtensibilityGlobals) = postSolution
		SolutionGuid = {BA6B0F19-E2F0-479A-97C3-6CF7E6C6E236}
	EndGlobalSection
EndGlobal
